
Microsoft Visual Studio Solution File, Format Version 12.00
# Visual Studio Version 17
VisualStudioVersion = 17.0.31903.59
MinimumVisualStudioVersion = 10.0.40219.1
Project("{2150E333-8FDC-42A3-9474-1A3956D46DE8}") = "src", "src", "{827E0CD3-B72D-47B6-A68D-7590B98EB39B}"
EndProject
Project("{FAE04EC0-301F-11D3-BF4B-00C04F79EFBC}") = "IMDB.Domain", "src\IMDB.Domain\IMDB.Domain.csproj", "{476E64D1-F301-4245-8A50-1443111B724A}"
EndProject
Project("{FAE04EC0-301F-11D3-BF4B-00C04F79EFBC}") = "IMDB.Application", "src\IMDB.Application\IMDB.Application.csproj", "{60193DD6-9479-49CB-A976-CD72344B4886}"
EndProject
Project("{FAE04EC0-301F-11D3-BF4B-00C04F79EFBC}") = "IMDB.Infrastructure", "src\IMDB.Infrastructure\IMDB.Infrastructure.csproj", "{DC0635B4-C3CA-415B-8791-6EAEF3FA83D8}"
EndProject
Project("{FAE04EC0-301F-11D3-BF4B-00C04F79EFBC}") = "IMDB.WebAPI", "src\IMDB.WebAPI\IMDB.WebAPI.csproj", "{28D87891-F6F7-4DFA-AB7D-6559D9E5C5DA}"
EndProject
Project("{2150E333-8FDC-42A3-9474-1A3956D46DE8}") = "tests", "tests", "{0AB3BF05-4346-4AA6-1389-037BE0695223}"
EndProject
Project("{FAE04EC0-301F-11D3-BF4B-00C04F79EFBC}") = "IMDB.Tests", "tests\IMDB.Tests\IMDB.Tests.csproj", "{2578BBBE-5022-4C84-BBF0-112B0931CD60}"
EndProject
Global
	GlobalSection(SolutionConfigurationPlatforms) = preSolution
		Debug|Any CPU = Debug|Any CPU
		Debug|x64 = Debug|x64
		Debug|x86 = Debug|x86
		Release|Any CPU = Release|Any CPU
		Release|x64 = Release|x64
		Release|x86 = Release|x86
	EndGlobalSection
	GlobalSection(ProjectConfigurationPlatforms) = postSolution
		{476E64D1-F301-4245-8A50-1443111B724A}.Debug|Any CPU.ActiveCfg = Debug|Any CPU
		{476E64D1-F301-4245-8A50-1443111B724A}.Debug|Any CPU.Build.0 = Debug|Any CPU
		{476E64D1-F301-4245-8A50-1443111B724A}.Debug|x64.ActiveCfg = Debug|Any CPU
		{476E64D1-F301-4245-8A50-1443111B724A}.Debug|x64.Build.0 = Debug|Any CPU
		{476E64D1-F301-4245-8A50-1443111B724A}.Debug|x86.ActiveCfg = Debug|Any CPU
		{476E64D1-F301-4245-8A50-1443111B724A}.Debug|x86.Build.0 = Debug|Any CPU
		{476E64D1-F301-4245-8A50-1443111B724A}.Release|Any CPU.ActiveCfg = Release|Any CPU
		{476E64D1-F301-4245-8A50-1443111B724A}.Release|Any CPU.Build.0 = Release|Any CPU
		{476E64D1-F301-4245-8A50-1443111B724A}.Release|x64.ActiveCfg = Release|Any CPU
		{476E64D1-F301-4245-8A50-1443111B724A}.Release|x64.Build.0 = Release|Any CPU
		{476E64D1-F301-4245-8A50-1443111B724A}.Release|x86.ActiveCfg = Release|Any CPU
		{476E64D1-F301-4245-8A50-1443111B724A}.Release|x86.Build.0 = Release|Any CPU
		{60193DD6-9479-49CB-A976-CD72344B4886}.Debug|Any CPU.ActiveCfg = Debug|Any CPU
		{60193DD6-9479-49CB-A976-CD72344B4886}.Debug|Any CPU.Build.0 = Debug|Any CPU
		{60193DD6-9479-49CB-A976-CD72344B4886}.Debug|x64.ActiveCfg = Debug|Any CPU
		{60193DD6-9479-49CB-A976-CD72344B4886}.Debug|x64.Build.0 = Debug|Any CPU
		{60193DD6-9479-49CB-A976-CD72344B4886}.Debug|x86.ActiveCfg = Debug|Any CPU
		{60193DD6-9479-49CB-A976-CD72344B4886}.Debug|x86.Build.0 = Debug|Any CPU
		{60193DD6-9479-49CB-A976-CD72344B4886}.Release|Any CPU.ActiveCfg = Release|Any CPU
		{60193DD6-9479-49CB-A976-CD72344B4886}.Release|Any CPU.Build.0 = Release|Any CPU
		{60193DD6-9479-49CB-A976-CD72344B4886}.Release|x64.ActiveCfg = Release|Any CPU
		{60193DD6-9479-49CB-A976-CD72344B4886}.Release|x64.Build.0 = Release|Any CPU
		{60193DD6-9479-49CB-A976-CD72344B4886}.Release|x86.ActiveCfg = Release|Any CPU
		{60193DD6-9479-49CB-A976-CD72344B4886}.Release|x86.Build.0 = Release|Any CPU
		{DC0635B4-C3CA-415B-8791-6EAEF3FA83D8}.Debug|Any CPU.ActiveCfg = Debug|Any CPU
		{DC0635B4-C3CA-415B-8791-6EAEF3FA83D8}.Debug|Any CPU.Build.0 = Debug|Any CPU
		{DC0635B4-C3CA-415B-8791-6EAEF3FA83D8}.Debug|x64.ActiveCfg = Debug|Any CPU
		{DC0635B4-C3CA-415B-8791-6EAEF3FA83D8}.Debug|x64.Build.0 = Debug|Any CPU
		{DC0635B4-C3CA-415B-8791-6EAEF3FA83D8}.Debug|x86.ActiveCfg = Debug|Any CPU
		{DC0635B4-C3CA-415B-8791-6EAEF3FA83D8}.Debug|x86.Build.0 = Debug|Any CPU
		{DC0635B4-C3CA-415B-8791-6EAEF3FA83D8}.Release|Any CPU.ActiveCfg = Release|Any CPU
		{DC0635B4-C3CA-415B-8791-6EAEF3FA83D8}.Release|Any CPU.Build.0 = Release|Any CPU
		{DC0635B4-C3CA-415B-8791-6EAEF3FA83D8}.Release|x64.ActiveCfg = Release|Any CPU
		{DC0635B4-C3CA-415B-8791-6EAEF3FA83D8}.Release|x64.Build.0 = Release|Any CPU
		{DC0635B4-C3CA-415B-8791-6EAEF3FA83D8}.Release|x86.ActiveCfg = Release|Any CPU
		{DC0635B4-C3CA-415B-8791-6EAEF3FA83D8}.Release|x86.Build.0 = Release|Any CPU
		{28D87891-F6F7-4DFA-AB7D-6559D9E5C5DA}.Debug|Any CPU.ActiveCfg = Debug|Any CPU
		{28D87891-F6F7-4DFA-AB7D-6559D9E5C5DA}.Debug|Any CPU.Build.0 = Debug|Any CPU
		{28D87891-F6F7-4DFA-AB7D-6559D9E5C5DA}.Debug|x64.ActiveCfg = Debug|Any CPU
		{28D87891-F6F7-4DFA-AB7D-6559D9E5C5DA}.Debug|x64.Build.0 = Debug|Any CPU
		{28D87891-F6F7-4DFA-AB7D-6559D9E5C5DA}.Debug|x86.ActiveCfg = Debug|Any CPU
		{28D87891-F6F7-4DFA-AB7D-6559D9E5C5DA}.Debug|x86.Build.0 = Debug|Any CPU
		{28D87891-F6F7-4DFA-AB7D-6559D9E5C5DA}.Release|Any CPU.ActiveCfg = Release|Any CPU
		{28D87891-F6F7-4DFA-AB7D-6559D9E5C5DA}.Release|Any CPU.Build.0 = Release|Any CPU
		{28D87891-F6F7-4DFA-AB7D-6559D9E5C5DA}.Release|x64.ActiveCfg = Release|Any CPU
		{28D87891-F6F7-4DFA-AB7D-6559D9E5C5DA}.Release|x64.Build.0 = Release|Any CPU
		{28D87891-F6F7-4DFA-AB7D-6559D9E5C5DA}.Release|x86.ActiveCfg = Release|Any CPU
		{28D87891-F6F7-4DFA-AB7D-6559D9E5C5DA}.Release|x86.Build.0 = Release|Any CPU
		{2578BBBE-5022-4C84-BBF0-112B0931CD60}.Debug|Any CPU.ActiveCfg = Debug|Any CPU
		{2578BBBE-5022-4C84-BBF0-112B0931CD60}.Debug|Any CPU.Build.0 = Debug|Any CPU
		{2578BBBE-5022-4C84-BBF0-112B0931CD60}.Debug|x64.ActiveCfg = Debug|Any CPU
		{2578BBBE-5022-4C84-BBF0-112B0931CD60}.Debug|x64.Build.0 = Debug|Any CPU
		{2578BBBE-5022-4C84-BBF0-112B0931CD60}.Debug|x86.ActiveCfg = Debug|Any CPU
		{2578BBBE-5022-4C84-BBF0-112B0931CD60}.Debug|x86.Build.0 = Debug|Any CPU
		{2578BBBE-5022-4C84-BBF0-112B0931CD60}.Release|Any CPU.ActiveCfg = Release|Any CPU
		{2578BBBE-5022-4C84-BBF0-112B0931CD60}.Release|Any CPU.Build.0 = Release|Any CPU
		{2578BBBE-5022-4C84-BBF0-112B0931CD60}.Release|x64.ActiveCfg = Release|Any CPU
		{2578BBBE-5022-4C84-BBF0-112B0931CD60}.Release|x64.Build.0 = Release|Any CPU
		{2578BBBE-5022-4C84-BBF0-112B0931CD60}.Release|x86.ActiveCfg = Release|Any CPU
		{2578BBBE-5022-4C84-BBF0-112B0931CD60}.Release|x86.Build.0 = Release|Any CPU
	EndGlobalSection
	GlobalSection(SolutionProperties) = preSolution
		HideSolutionNode = FALSE
	EndGlobalSection
	GlobalSection(NestedProjects) = preSolution
		{476E64D1-F301-4245-8A50-1443111B724A} = {827E0CD3-B72D-47B6-A68D-7590B98EB39B}
		{60193DD6-9479-49CB-A976-CD72344B4886} = {827E0CD3-B72D-47B6-A68D-7590B98EB39B}
		{DC0635B4-C3CA-415B-8791-6EAEF3FA83D8} = {827E0CD3-B72D-47B6-A68D-7590B98EB39B}
		{28D87891-F6F7-4DFA-AB7D-6559D9E5C5DA} = {827E0CD3-B72D-47B6-A68D-7590B98EB39B}
		{2578BBBE-5022-4C84-BBF0-112B0931CD60} = {0AB3BF05-4346-4AA6-1389-037BE0695223}
	EndGlobalSection
EndGlobal
